
Microsoft Visual Studio Solution File, Format Version 12.00
# Visual Studio Version 16
VisualStudioVersion = 16.0.32002.261
MinimumVisualStudioVersion = 10.0.40219.1
Project("{FAE04EC0-301F-11D3-BF4B-00C04F79EFBC}") = "WebApi", "WebApi\WebApi.csproj", "{31C9A7F6-6C30-4202-9288-4DCC862D905B}"
EndProject
Global
	GlobalSection(SolutionConfigurationPlatforms) = preSolution
		Debug|Any CPU = Debug|Any CPU
		Release|Any CPU = Release|Any CPU
	EndGlobalSection
	GlobalSection(ProjectConfigurationPlatforms) = postSolution
		{31C9A7F6-6C30-4202-9288-4DCC862D905B}.Debug|Any CPU.ActiveCfg = Debug|Any CPU
		{31C9A7F6-6C30-4202-9288-4DCC862D905B}.Debug|Any CPU.Build.0 = Debug|Any CPU
		{31C9A7F6-6C30-4202-9288-4DCC862D905B}.Release|Any CPU.ActiveCfg = Release|Any CPU
		{31C9A7F6-6C30-4202-9288-4DCC862D905B}.Release|Any CPU.Build.0 = Release|Any CPU
	EndGlobalSection
	GlobalSection(SolutionProperties) = preSolution
		HideSolutionNode = FALSE
	EndGlobalSection
	GlobalSection(ExtensibilityGlobals) = postSolution
		SolutionGuid = {3A96B3D3-DFE5-4BA6-8CDF-03840FDDDC2D}
	EndGlobalSection
EndGlobal
